// !$*UTF8*$!
{
	archiveVersion = 1;
	classes = {
	};
	objectVersion = 51;
	objects = {

/* Begin PBXBuildFile section */
		12E117136586010B8542CDFB /* Pods_LoanTests.framework in Frameworks */ = {isa = PBXBuildFile; fileRef = 6BEF6A11836CC936B6217F7F /* Pods_LoanTests.framework */; };
		A80BCBC40E6E9F29AF8390F3 /* Pods_LoanUITests.framework in Frameworks */ = {isa = PBXBuildFile; fileRef = 9C8069DC6F59806DC6FEAF89 /* Pods_LoanUITests.framework */; };
		CBBE60696EC8544A6837ECFC /* Pods_Loan.framework in Frameworks */ = {isa = PBXBuildFile; fileRef = E641CA7EE633C64F491CCCFC /* Pods_Loan.framework */; };
		CD2603A52298709400D07513 /* dashboardViewController.swift in Sources */ = {isa = PBXBuildFile; fileRef = CD2603A42298709400D07513 /* dashboardViewController.swift */; };
		CD2603A72298759D00D07513 /* UIView+Extensions.swift in Sources */ = {isa = PBXBuildFile; fileRef = CD2603A62298759D00D07513 /* UIView+Extensions.swift */; };
		CD5303C822B2957F00BB0FDF /* BarCode+Extensions.swift in Sources */ = {isa = PBXBuildFile; fileRef = CD5303C722B2957F00BB0FDF /* BarCode+Extensions.swift */; };
		CD53CF0F22A7EAF7002D7611 /* TodosViewController.swift in Sources */ = {isa = PBXBuildFile; fileRef = CD53CF0E22A7EAF7002D7611 /* TodosViewController.swift */; };
		CD694FA122C0F2CD00E00396 /* Usuario.swift in Sources */ = {isa = PBXBuildFile; fileRef = CD694FA022C0F2CD00E00396 /* Usuario.swift */; };
		CD695084228AE88000B6FAD4 /* AppDelegate.swift in Sources */ = {isa = PBXBuildFile; fileRef = CD695083228AE88000B6FAD4 /* AppDelegate.swift */; };
		CD695089228AE88000B6FAD4 /* Main.storyboard in Resources */ = {isa = PBXBuildFile; fileRef = CD695087228AE88000B6FAD4 /* Main.storyboard */; };
		CD69508B228AE88200B6FAD4 /* Assets.xcassets in Resources */ = {isa = PBXBuildFile; fileRef = CD69508A228AE88200B6FAD4 /* Assets.xcassets */; };
		CD69508E228AE88200B6FAD4 /* LaunchScreen.storyboard in Resources */ = {isa = PBXBuildFile; fileRef = CD69508C228AE88200B6FAD4 /* LaunchScreen.storyboard */; };
		CD695099228AE88200B6FAD4 /* LoanTests.swift in Sources */ = {isa = PBXBuildFile; fileRef = CD695098228AE88200B6FAD4 /* LoanTests.swift */; };
		CD6950A4228AE88200B6FAD4 /* LoanUITests.swift in Sources */ = {isa = PBXBuildFile; fileRef = CD6950A3228AE88200B6FAD4 /* LoanUITests.swift */; };
		CD7D2ABC228EDDFB00CB76E9 /* Livro.swift in Sources */ = {isa = PBXBuildFile; fileRef = CD7D2ABA228EDDFA00CB76E9 /* Livro.swift */; };
		CD7D2ABD228EDDFB00CB76E9 /* Model.swift in Sources */ = {isa = PBXBuildFile; fileRef = CD7D2ABB228EDDFA00CB76E9 /* Model.swift */; };
		CD87C0AD22C0F573009294DB /* Noteworthy.ttc in Resources */ = {isa = PBXBuildFile; fileRef = CD87C0AC22C0F573009294DB /* Noteworthy.ttc */; };
		CD9F0BF222A9E446003A2C2D /* UltimosCollectionViewCell.swift in Sources */ = {isa = PBXBuildFile; fileRef = CD9F0BF122A9E446003A2C2D /* UltimosCollectionViewCell.swift */; };
		CD9F0BF422A9E5E3003A2C2D /* ColecoesCollectionViewCell.swift in Sources */ = {isa = PBXBuildFile; fileRef = CD9F0BF322A9E5E3003A2C2D /* ColecoesCollectionViewCell.swift */; };
		CD9FF02122A9589E003BBF00 /* ColecaoViewController.swift in Sources */ = {isa = PBXBuildFile; fileRef = CD9FF02022A9589E003BBF00 /* ColecaoViewController.swift */; };
		CDA03A85228AF9E200FB1DF0 /* AdicionarViewController.swift in Sources */ = {isa = PBXBuildFile; fileRef = CDA03A84228AF9E200FB1DF0 /* AdicionarViewController.swift */; };
		CDA8C79922B3C42A00309E09 /* DAOGoogleBooksAPI.swift in Sources */ = {isa = PBXBuildFile; fileRef = CDA8C79822B3C42A00309E09 /* DAOGoogleBooksAPI.swift */; };
		CDAA2F1B22925970009B3F3A /* LivroViewController.swift in Sources */ = {isa = PBXBuildFile; fileRef = CDAA2F1A22925970009B3F3A /* LivroViewController.swift */; };
		CDBD75FB228EF3F70008BF2C /* TableViewCell.swift in Sources */ = {isa = PBXBuildFile; fileRef = CDBD75FA228EF3F70008BF2C /* TableViewCell.swift */; };
		CDDFCF0422B275610037C422 /* GoogleService-Info.plist in Resources */ = {isa = PBXBuildFile; fileRef = CDDFCF0322B275610037C422 /* GoogleService-Info.plist */; };
		CDF5B5FF22C0FC3A00C1E4ED /* SignInViewController.swift in Sources */ = {isa = PBXBuildFile; fileRef = CDF5B5FE22C0FC3A00C1E4ED /* SignInViewController.swift */; };
		CDF5B60122C1066400C1E4ED /* CadastroViewController.swift in Sources */ = {isa = PBXBuildFile; fileRef = CDF5B60022C1066400C1E4ED /* CadastroViewController.swift */; };
		CDFC463F22B27E2400EBBFEB /* DAOFirebase.swift in Sources */ = {isa = PBXBuildFile; fileRef = CDFC463E22B27E2400EBBFEB /* DAOFirebase.swift */; };
/* End PBXBuildFile section */

/* Begin PBXContainerItemProxy section */
		CD695095228AE88200B6FAD4 /* PBXContainerItemProxy */ = {
			isa = PBXContainerItemProxy;
			containerPortal = CD695078228AE88000B6FAD4 /* Project object */;
			proxyType = 1;
			remoteGlobalIDString = CD69507F228AE88000B6FAD4;
			remoteInfo = Loan;
		};
		CD6950A0228AE88200B6FAD4 /* PBXContainerItemProxy */ = {
			isa = PBXContainerItemProxy;
			containerPortal = CD695078228AE88000B6FAD4 /* Project object */;
			proxyType = 1;
			remoteGlobalIDString = CD69507F228AE88000B6FAD4;
			remoteInfo = Loan;
		};
/* End PBXContainerItemProxy section */

/* Begin PBXFileReference section */
		4254F3FB4D7375BB11E7B76F /* Pods-LoanTests.release.xcconfig */ = {isa = PBXFileReference; includeInIndex = 1; lastKnownFileType = text.xcconfig; name = "Pods-LoanTests.release.xcconfig"; path = "Target Support Files/Pods-LoanTests/Pods-LoanTests.release.xcconfig"; sourceTree = "<group>"; };
		6BEF6A11836CC936B6217F7F /* Pods_LoanTests.framework */ = {isa = PBXFileReference; explicitFileType = wrapper.framework; includeInIndex = 0; path = Pods_LoanTests.framework; sourceTree = BUILT_PRODUCTS_DIR; };
		7058B3293D4B62D2FAF7FCF3 /* Pods-LoanUITests.release.xcconfig */ = {isa = PBXFileReference; includeInIndex = 1; lastKnownFileType = text.xcconfig; name = "Pods-LoanUITests.release.xcconfig"; path = "Target Support Files/Pods-LoanUITests/Pods-LoanUITests.release.xcconfig"; sourceTree = "<group>"; };
		7349C72704AE831A964A5875 /* Pods-LoanUITests.debug.xcconfig */ = {isa = PBXFileReference; includeInIndex = 1; lastKnownFileType = text.xcconfig; name = "Pods-LoanUITests.debug.xcconfig"; path = "Target Support Files/Pods-LoanUITests/Pods-LoanUITests.debug.xcconfig"; sourceTree = "<group>"; };
		82943EB8D5C07D9A5F7061A7 /* Pods-Loan.release.xcconfig */ = {isa = PBXFileReference; includeInIndex = 1; lastKnownFileType = text.xcconfig; name = "Pods-Loan.release.xcconfig"; path = "Target Support Files/Pods-Loan/Pods-Loan.release.xcconfig"; sourceTree = "<group>"; };
		9C8069DC6F59806DC6FEAF89 /* Pods_LoanUITests.framework */ = {isa = PBXFileReference; explicitFileType = wrapper.framework; includeInIndex = 0; path = Pods_LoanUITests.framework; sourceTree = BUILT_PRODUCTS_DIR; };
		CD2603A42298709400D07513 /* dashboardViewController.swift */ = {isa = PBXFileReference; lastKnownFileType = sourcecode.swift; path = dashboardViewController.swift; sourceTree = "<group>"; };
		CD2603A62298759D00D07513 /* UIView+Extensions.swift */ = {isa = PBXFileReference; lastKnownFileType = sourcecode.swift; path = "UIView+Extensions.swift"; sourceTree = "<group>"; };
		CD5303C722B2957F00BB0FDF /* BarCode+Extensions.swift */ = {isa = PBXFileReference; fileEncoding = 4; lastKnownFileType = sourcecode.swift; path = "BarCode+Extensions.swift"; sourceTree = "<group>"; };
		CD53CF0E22A7EAF7002D7611 /* TodosViewController.swift */ = {isa = PBXFileReference; lastKnownFileType = sourcecode.swift; path = TodosViewController.swift; sourceTree = "<group>"; };
		CD694FA022C0F2CD00E00396 /* Usuario.swift */ = {isa = PBXFileReference; lastKnownFileType = sourcecode.swift; path = Usuario.swift; sourceTree = "<group>"; };
		CD695080228AE88000B6FAD4 /* Loan.app */ = {isa = PBXFileReference; explicitFileType = wrapper.application; includeInIndex = 0; path = Loan.app; sourceTree = BUILT_PRODUCTS_DIR; };
		CD695083228AE88000B6FAD4 /* AppDelegate.swift */ = {isa = PBXFileReference; lastKnownFileType = sourcecode.swift; path = AppDelegate.swift; sourceTree = "<group>"; };
		CD695088228AE88000B6FAD4 /* Base */ = {isa = PBXFileReference; lastKnownFileType = file.storyboard; name = Base; path = Base.lproj/Main.storyboard; sourceTree = "<group>"; };
		CD69508A228AE88200B6FAD4 /* Assets.xcassets */ = {isa = PBXFileReference; lastKnownFileType = folder.assetcatalog; path = Assets.xcassets; sourceTree = "<group>"; };
		CD69508D228AE88200B6FAD4 /* Base */ = {isa = PBXFileReference; lastKnownFileType = file.storyboard; name = Base; path = Base.lproj/LaunchScreen.storyboard; sourceTree = "<group>"; };
		CD695094228AE88200B6FAD4 /* LoanTests.xctest */ = {isa = PBXFileReference; explicitFileType = wrapper.cfbundle; includeInIndex = 0; path = LoanTests.xctest; sourceTree = BUILT_PRODUCTS_DIR; };
		CD695098228AE88200B6FAD4 /* LoanTests.swift */ = {isa = PBXFileReference; lastKnownFileType = sourcecode.swift; path = LoanTests.swift; sourceTree = "<group>"; };
		CD69509A228AE88200B6FAD4 /* Info.plist */ = {isa = PBXFileReference; lastKnownFileType = text.plist.xml; path = Info.plist; sourceTree = "<group>"; };
		CD69509F228AE88200B6FAD4 /* LoanUITests.xctest */ = {isa = PBXFileReference; explicitFileType = wrapper.cfbundle; includeInIndex = 0; path = LoanUITests.xctest; sourceTree = BUILT_PRODUCTS_DIR; };
		CD6950A3228AE88200B6FAD4 /* LoanUITests.swift */ = {isa = PBXFileReference; lastKnownFileType = sourcecode.swift; path = LoanUITests.swift; sourceTree = "<group>"; };
		CD6950A5228AE88200B6FAD4 /* Info.plist */ = {isa = PBXFileReference; lastKnownFileType = text.plist.xml; path = Info.plist; sourceTree = "<group>"; };
		CD74D1D1228EF6BA00B84B6E /* Info.plist */ = {isa = PBXFileReference; fileEncoding = 4; lastKnownFileType = text.plist.xml; path = Info.plist; sourceTree = "<group>"; };
		CD7D2ABA228EDDFA00CB76E9 /* Livro.swift */ = {isa = PBXFileReference; fileEncoding = 4; lastKnownFileType = sourcecode.swift; path = Livro.swift; sourceTree = "<group>"; };
		CD7D2ABB228EDDFA00CB76E9 /* Model.swift */ = {isa = PBXFileReference; fileEncoding = 4; lastKnownFileType = sourcecode.swift; path = Model.swift; sourceTree = "<group>"; };
		CD87C0AC22C0F573009294DB /* Noteworthy.ttc */ = {isa = PBXFileReference; lastKnownFileType = file; path = Noteworthy.ttc; sourceTree = "<group>"; };
		CD9F0BF122A9E446003A2C2D /* UltimosCollectionViewCell.swift */ = {isa = PBXFileReference; fileEncoding = 4; lastKnownFileType = sourcecode.swift; path = UltimosCollectionViewCell.swift; sourceTree = "<group>"; };
		CD9F0BF322A9E5E3003A2C2D /* ColecoesCollectionViewCell.swift */ = {isa = PBXFileReference; fileEncoding = 4; lastKnownFileType = sourcecode.swift; path = ColecoesCollectionViewCell.swift; sourceTree = "<group>"; };
		CD9FF02022A9589E003BBF00 /* ColecaoViewController.swift */ = {isa = PBXFileReference; lastKnownFileType = sourcecode.swift; path = ColecaoViewController.swift; sourceTree = "<group>"; };
		CDA03A84228AF9E200FB1DF0 /* AdicionarViewController.swift */ = {isa = PBXFileReference; lastKnownFileType = sourcecode.swift; path = AdicionarViewController.swift; sourceTree = "<group>"; };
		CDA8C79822B3C42A00309E09 /* DAOGoogleBooksAPI.swift */ = {isa = PBXFileReference; lastKnownFileType = sourcecode.swift; path = DAOGoogleBooksAPI.swift; sourceTree = "<group>"; };
		CDAA2F1A22925970009B3F3A /* LivroViewController.swift */ = {isa = PBXFileReference; lastKnownFileType = sourcecode.swift; path = LivroViewController.swift; sourceTree = "<group>"; };
		CDBD75FA228EF3F70008BF2C /* TableViewCell.swift */ = {isa = PBXFileReference; lastKnownFileType = sourcecode.swift; path = TableViewCell.swift; sourceTree = "<group>"; };
		CDDFCF0322B275610037C422 /* GoogleService-Info.plist */ = {isa = PBXFileReference; fileEncoding = 4; lastKnownFileType = text.plist.xml; path = "GoogleService-Info.plist"; sourceTree = "<group>"; };
		CDF5B5FE22C0FC3A00C1E4ED /* SignInViewController.swift */ = {isa = PBXFileReference; lastKnownFileType = sourcecode.swift; path = SignInViewController.swift; sourceTree = "<group>"; };
		CDF5B60022C1066400C1E4ED /* CadastroViewController.swift */ = {isa = PBXFileReference; lastKnownFileType = sourcecode.swift; path = CadastroViewController.swift; sourceTree = "<group>"; };
		CDFC463E22B27E2400EBBFEB /* DAOFirebase.swift */ = {isa = PBXFileReference; lastKnownFileType = sourcecode.swift; path = DAOFirebase.swift; sourceTree = "<group>"; };
		DFB31BDF69D564B276D76EB8 /* Pods-Loan.debug.xcconfig */ = {isa = PBXFileReference; includeInIndex = 1; lastKnownFileType = text.xcconfig; name = "Pods-Loan.debug.xcconfig"; path = "Target Support Files/Pods-Loan/Pods-Loan.debug.xcconfig"; sourceTree = "<group>"; };
		E37A73E9E247DE317139396E /* Pods-LoanTests.debug.xcconfig */ = {isa = PBXFileReference; includeInIndex = 1; lastKnownFileType = text.xcconfig; name = "Pods-LoanTests.debug.xcconfig"; path = "Target Support Files/Pods-LoanTests/Pods-LoanTests.debug.xcconfig"; sourceTree = "<group>"; };
		E641CA7EE633C64F491CCCFC /* Pods_Loan.framework */ = {isa = PBXFileReference; explicitFileType = wrapper.framework; includeInIndex = 0; path = Pods_Loan.framework; sourceTree = BUILT_PRODUCTS_DIR; };
/* End PBXFileReference section */

/* Begin PBXFrameworksBuildPhase section */
		CD69507D228AE88000B6FAD4 /* Frameworks */ = {
			isa = PBXFrameworksBuildPhase;
			buildActionMask = 2147483647;
			files = (
				CBBE60696EC8544A6837ECFC /* Pods_Loan.framework in Frameworks */,
			);
			runOnlyForDeploymentPostprocessing = 0;
		};
		CD695091228AE88200B6FAD4 /* Frameworks */ = {
			isa = PBXFrameworksBuildPhase;
			buildActionMask = 2147483647;
			files = (
				12E117136586010B8542CDFB /* Pods_LoanTests.framework in Frameworks */,
			);
			runOnlyForDeploymentPostprocessing = 0;
		};
		CD69509C228AE88200B6FAD4 /* Frameworks */ = {
			isa = PBXFrameworksBuildPhase;
			buildActionMask = 2147483647;
			files = (
				A80BCBC40E6E9F29AF8390F3 /* Pods_LoanUITests.framework in Frameworks */,
			);
			runOnlyForDeploymentPostprocessing = 0;
		};
/* End PBXFrameworksBuildPhase section */

/* Begin PBXGroup section */
		BB21E267CF2D80F6A2611FB6 /* Frameworks */ = {
			isa = PBXGroup;
			children = (
				E641CA7EE633C64F491CCCFC /* Pods_Loan.framework */,
				6BEF6A11836CC936B6217F7F /* Pods_LoanTests.framework */,
				9C8069DC6F59806DC6FEAF89 /* Pods_LoanUITests.framework */,
			);
			name = Frameworks;
			sourceTree = "<group>";
		};
		CD695077228AE88000B6FAD4 = {
			isa = PBXGroup;
			children = (
				CD695082228AE88000B6FAD4 /* Loan */,
				CD695097228AE88200B6FAD4 /* LoanTests */,
				CD6950A2228AE88200B6FAD4 /* LoanUITests */,
				CD695081228AE88000B6FAD4 /* Products */,
				FAF5249F856FB4BF980A0D4D /* Pods */,
				BB21E267CF2D80F6A2611FB6 /* Frameworks */,
			);
			sourceTree = "<group>";
		};
		CD695081228AE88000B6FAD4 /* Products */ = {
			isa = PBXGroup;
			children = (
				CD695080228AE88000B6FAD4 /* Loan.app */,
				CD695094228AE88200B6FAD4 /* LoanTests.xctest */,
				CD69509F228AE88200B6FAD4 /* LoanUITests.xctest */,
			);
			name = Products;
			sourceTree = "<group>";
		};
		CD695082228AE88000B6FAD4 /* Loan */ = {
			isa = PBXGroup;
			children = (
				CD74D1D1228EF6BA00B84B6E /* Info.plist */,
				CD695083228AE88000B6FAD4 /* AppDelegate.swift */,
				CD86C00522A94CA600B65AC0 /* Extensions */,
				CD86C00422A94BB600B65AC0 /* Controller */,
				CD87C0AB22C0F565009294DB /* Resources */,
				CD86C00322A94BAC00B65AC0 /* View */,
				CD86C00222A94BA200B65AC0 /* Model */,
			);
			path = Loan;
			sourceTree = "<group>";
		};
		CD695097228AE88200B6FAD4 /* LoanTests */ = {
			isa = PBXGroup;
			children = (
				CD695098228AE88200B6FAD4 /* LoanTests.swift */,
				CD69509A228AE88200B6FAD4 /* Info.plist */,
			);
			path = LoanTests;
			sourceTree = "<group>";
		};
		CD6950A2228AE88200B6FAD4 /* LoanUITests */ = {
			isa = PBXGroup;
			children = (
				CD6950A3228AE88200B6FAD4 /* LoanUITests.swift */,
				CD6950A5228AE88200B6FAD4 /* Info.plist */,
			);
			path = LoanUITests;
			sourceTree = "<group>";
		};
		CD86C00222A94BA200B65AC0 /* Model */ = {
			isa = PBXGroup;
			children = (
				CDDFCF0322B275610037C422 /* GoogleService-Info.plist */,
				CD7D2ABA228EDDFA00CB76E9 /* Livro.swift */,
				CD7D2ABB228EDDFA00CB76E9 /* Model.swift */,
				CDFC463E22B27E2400EBBFEB /* DAOFirebase.swift */,
				CDA8C79822B3C42A00309E09 /* DAOGoogleBooksAPI.swift */,
				CD694FA022C0F2CD00E00396 /* Usuario.swift */,
			);
			path = Model;
			sourceTree = "<group>";
		};
		CD86C00322A94BAC00B65AC0 /* View */ = {
			isa = PBXGroup;
			children = (
				CD9F0BF322A9E5E3003A2C2D /* ColecoesCollectionViewCell.swift */,
				CD9F0BF122A9E446003A2C2D /* UltimosCollectionViewCell.swift */,
				CD695087228AE88000B6FAD4 /* Main.storyboard */,
				CD69508C228AE88200B6FAD4 /* LaunchScreen.storyboard */,
				CD69508A228AE88200B6FAD4 /* Assets.xcassets */,
				CDBD75FA228EF3F70008BF2C /* TableViewCell.swift */,
			);
			path = View;
			sourceTree = "<group>";
		};
		CD86C00422A94BB600B65AC0 /* Controller */ = {
			isa = PBXGroup;
			children = (
				CDA03A84228AF9E200FB1DF0 /* AdicionarViewController.swift */,
				CDAA2F1A22925970009B3F3A /* LivroViewController.swift */,
				CD2603A42298709400D07513 /* dashboardViewController.swift */,
				CD53CF0E22A7EAF7002D7611 /* TodosViewController.swift */,
				CD9FF02022A9589E003BBF00 /* ColecaoViewController.swift */,
				CDF5B5FE22C0FC3A00C1E4ED /* SignInViewController.swift */,
				CDF5B60022C1066400C1E4ED /* CadastroViewController.swift */,
			);
			path = Controller;
			sourceTree = "<group>";
		};
		CD86C00522A94CA600B65AC0 /* Extensions */ = {
			isa = PBXGroup;
			children = (
				CD2603A62298759D00D07513 /* UIView+Extensions.swift */,
				CD5303C722B2957F00BB0FDF /* BarCode+Extensions.swift */,
			);
			path = Extensions;
			sourceTree = "<group>";
		};
		CD87C0AB22C0F565009294DB /* Resources */ = {
			isa = PBXGroup;
			children = (
				CD87C0AC22C0F573009294DB /* Noteworthy.ttc */,
			);
			path = Resources;
			sourceTree = "<group>";
		};
		FAF5249F856FB4BF980A0D4D /* Pods */ = {
			isa = PBXGroup;
			children = (
				DFB31BDF69D564B276D76EB8 /* Pods-Loan.debug.xcconfig */,
				82943EB8D5C07D9A5F7061A7 /* Pods-Loan.release.xcconfig */,
				E37A73E9E247DE317139396E /* Pods-LoanTests.debug.xcconfig */,
				4254F3FB4D7375BB11E7B76F /* Pods-LoanTests.release.xcconfig */,
				7349C72704AE831A964A5875 /* Pods-LoanUITests.debug.xcconfig */,
				7058B3293D4B62D2FAF7FCF3 /* Pods-LoanUITests.release.xcconfig */,
			);
			path = Pods;
			sourceTree = "<group>";
		};
/* End PBXGroup section */

/* Begin PBXNativeTarget section */
		CD69507F228AE88000B6FAD4 /* Loan */ = {
			isa = PBXNativeTarget;
			buildConfigurationList = CD6950A8228AE88200B6FAD4 /* Build configuration list for PBXNativeTarget "Loan" */;
			buildPhases = (
				05ED71AA99B4D680F4F85948 /* [CP] Check Pods Manifest.lock */,
				CD69507C228AE88000B6FAD4 /* Sources */,
				CD69507D228AE88000B6FAD4 /* Frameworks */,
				CD69507E228AE88000B6FAD4 /* Resources */,
				CF6CDD3E7FB53079836A3C48 /* [CP] Embed Pods Frameworks */,
			);
			buildRules = (
			);
			dependencies = (
			);
			name = Loan;
			productName = Loan;
			productReference = CD695080228AE88000B6FAD4 /* Loan.app */;
			productType = "com.apple.product-type.application";
		};
		CD695093228AE88200B6FAD4 /* LoanTests */ = {
			isa = PBXNativeTarget;
			buildConfigurationList = CD6950AB228AE88200B6FAD4 /* Build configuration list for PBXNativeTarget "LoanTests" */;
			buildPhases = (
				27B4F29EBBA5BE375F379F23 /* [CP] Check Pods Manifest.lock */,
				CD695090228AE88200B6FAD4 /* Sources */,
				CD695091228AE88200B6FAD4 /* Frameworks */,
				CD695092228AE88200B6FAD4 /* Resources */,
			);
			buildRules = (
			);
			dependencies = (
				CD695096228AE88200B6FAD4 /* PBXTargetDependency */,
			);
			name = LoanTests;
			productName = LoanTests;
			productReference = CD695094228AE88200B6FAD4 /* LoanTests.xctest */;
			productType = "com.apple.product-type.bundle.unit-test";
		};
		CD69509E228AE88200B6FAD4 /* LoanUITests */ = {
			isa = PBXNativeTarget;
			buildConfigurationList = CD6950AE228AE88200B6FAD4 /* Build configuration list for PBXNativeTarget "LoanUITests" */;
			buildPhases = (
				36B397C91D37E2A77DF3698A /* [CP] Check Pods Manifest.lock */,
				CD69509B228AE88200B6FAD4 /* Sources */,
				CD69509C228AE88200B6FAD4 /* Frameworks */,
				CD69509D228AE88200B6FAD4 /* Resources */,
			);
			buildRules = (
			);
			dependencies = (
				CD6950A1228AE88200B6FAD4 /* PBXTargetDependency */,
			);
			name = LoanUITests;
			productName = LoanUITests;
			productReference = CD69509F228AE88200B6FAD4 /* LoanUITests.xctest */;
			productType = "com.apple.product-type.bundle.ui-testing";
		};
/* End PBXNativeTarget section */

/* Begin PBXProject section */
		CD695078228AE88000B6FAD4 /* Project object */ = {
			isa = PBXProject;
			attributes = {
				LastSwiftUpdateCheck = 1020;
				LastUpgradeCheck = 1020;
				ORGANIZATIONNAME = "Mariana Beilune Abad";
				TargetAttributes = {
					CD69507F228AE88000B6FAD4 = {
						CreatedOnToolsVersion = 10.2.1;
					};
					CD695093228AE88200B6FAD4 = {
						CreatedOnToolsVersion = 10.2.1;
						TestTargetID = CD69507F228AE88000B6FAD4;
					};
					CD69509E228AE88200B6FAD4 = {
						CreatedOnToolsVersion = 10.2.1;
						TestTargetID = CD69507F228AE88000B6FAD4;
					};
				};
			};
			buildConfigurationList = CD69507B228AE88000B6FAD4 /* Build configuration list for PBXProject "Loan" */;
			compatibilityVersion = "Xcode 9.3";
			developmentRegion = en;
			hasScannedForEncodings = 0;
			knownRegions = (
				en,
				Base,
			);
			mainGroup = CD695077228AE88000B6FAD4;
			productRefGroup = CD695081228AE88000B6FAD4 /* Products */;
			projectDirPath = "";
			projectRoot = "";
			targets = (
				CD69507F228AE88000B6FAD4 /* Loan */,
				CD695093228AE88200B6FAD4 /* LoanTests */,
				CD69509E228AE88200B6FAD4 /* LoanUITests */,
			);
		};
/* End PBXProject section */

/* Begin PBXResourcesBuildPhase section */
		CD69507E228AE88000B6FAD4 /* Resources */ = {
			isa = PBXResourcesBuildPhase;
			buildActionMask = 2147483647;
			files = (
				CD69508E228AE88200B6FAD4 /* LaunchScreen.storyboard in Resources */,
				CDDFCF0422B275610037C422 /* GoogleService-Info.plist in Resources */,
				CD69508B228AE88200B6FAD4 /* Assets.xcassets in Resources */,
				CD87C0AD22C0F573009294DB /* Noteworthy.ttc in Resources */,
				CD695089228AE88000B6FAD4 /* Main.storyboard in Resources */,
			);
			runOnlyForDeploymentPostprocessing = 0;
		};
		CD695092228AE88200B6FAD4 /* Resources */ = {
			isa = PBXResourcesBuildPhase;
			buildActionMask = 2147483647;
			files = (
			);
			runOnlyForDeploymentPostprocessing = 0;
		};
		CD69509D228AE88200B6FAD4 /* Resources */ = {
			isa = PBXResourcesBuildPhase;
			buildActionMask = 2147483647;
			files = (
			);
			runOnlyForDeploymentPostprocessing = 0;
		};
/* End PBXResourcesBuildPhase section */

/* Begin PBXShellScriptBuildPhase section */
		05ED71AA99B4D680F4F85948 /* [CP] Check Pods Manifest.lock */ = {
			isa = PBXShellScriptBuildPhase;
			buildActionMask = 2147483647;
			files = (
			);
			inputFileListPaths = (
			);
			inputPaths = (
				"${PODS_PODFILE_DIR_PATH}/Podfile.lock",
				"${PODS_ROOT}/Manifest.lock",
			);
			name = "[CP] Check Pods Manifest.lock";
			outputFileListPaths = (
			);
			outputPaths = (
				"$(DERIVED_FILE_DIR)/Pods-Loan-checkManifestLockResult.txt",
			);
			runOnlyForDeploymentPostprocessing = 0;
			shellPath = /bin/sh;
			shellScript = "diff \"${PODS_PODFILE_DIR_PATH}/Podfile.lock\" \"${PODS_ROOT}/Manifest.lock\" > /dev/null\nif [ $? != 0 ] ; then\n    # print error to STDERR\n    echo \"error: The sandbox is not in sync with the Podfile.lock. Run 'pod install' or update your CocoaPods installation.\" >&2\n    exit 1\nfi\n# This output is used by Xcode 'outputs' to avoid re-running this script phase.\necho \"SUCCESS\" > \"${SCRIPT_OUTPUT_FILE_0}\"\n";
			showEnvVarsInLog = 0;
		};
		27B4F29EBBA5BE375F379F23 /* [CP] Check Pods Manifest.lock */ = {
			isa = PBXShellScriptBuildPhase;
			buildActionMask = 2147483647;
			files = (
			);
			inputFileListPaths = (
			);
			inputPaths = (
				"${PODS_PODFILE_DIR_PATH}/Podfile.lock",
				"${PODS_ROOT}/Manifest.lock",
			);
			name = "[CP] Check Pods Manifest.lock";
			outputFileListPaths = (
			);
			outputPaths = (
				"$(DERIVED_FILE_DIR)/Pods-LoanTests-checkManifestLockResult.txt",
			);
			runOnlyForDeploymentPostprocessing = 0;
			shellPath = /bin/sh;
			shellScript = "diff \"${PODS_PODFILE_DIR_PATH}/Podfile.lock\" \"${PODS_ROOT}/Manifest.lock\" > /dev/null\nif [ $? != 0 ] ; then\n    # print error to STDERR\n    echo \"error: The sandbox is not in sync with the Podfile.lock. Run 'pod install' or update your CocoaPods installation.\" >&2\n    exit 1\nfi\n# This output is used by Xcode 'outputs' to avoid re-running this script phase.\necho \"SUCCESS\" > \"${SCRIPT_OUTPUT_FILE_0}\"\n";
			showEnvVarsInLog = 0;
		};
		36B397C91D37E2A77DF3698A /* [CP] Check Pods Manifest.lock */ = {
			isa = PBXShellScriptBuildPhase;
			buildActionMask = 2147483647;
			files = (
			);
			inputFileListPaths = (
			);
			inputPaths = (
				"${PODS_PODFILE_DIR_PATH}/Podfile.lock",
				"${PODS_ROOT}/Manifest.lock",
			);
			name = "[CP] Check Pods Manifest.lock";
			outputFileListPaths = (
			);
			outputPaths = (
				"$(DERIVED_FILE_DIR)/Pods-LoanUITests-checkManifestLockResult.txt",
			);
			runOnlyForDeploymentPostprocessing = 0;
			shellPath = /bin/sh;
			shellScript = "diff \"${PODS_PODFILE_DIR_PATH}/Podfile.lock\" \"${PODS_ROOT}/Manifest.lock\" > /dev/null\nif [ $? != 0 ] ; then\n    # print error to STDERR\n    echo \"error: The sandbox is not in sync with the Podfile.lock. Run 'pod install' or update your CocoaPods installation.\" >&2\n    exit 1\nfi\n# This output is used by Xcode 'outputs' to avoid re-running this script phase.\necho \"SUCCESS\" > \"${SCRIPT_OUTPUT_FILE_0}\"\n";
			showEnvVarsInLog = 0;
		};
		CF6CDD3E7FB53079836A3C48 /* [CP] Embed Pods Frameworks */ = {
			isa = PBXShellScriptBuildPhase;
			buildActionMask = 2147483647;
			files = (
			);
			inputFileListPaths = (
				"${PODS_ROOT}/Target Support Files/Pods-Loan/Pods-Loan-frameworks-${CONFIGURATION}-input-files.xcfilelist",
			);
			name = "[CP] Embed Pods Frameworks";
			outputFileListPaths = (
				"${PODS_ROOT}/Target Support Files/Pods-Loan/Pods-Loan-frameworks-${CONFIGURATION}-output-files.xcfilelist",
			);
			runOnlyForDeploymentPostprocessing = 0;
			shellPath = /bin/sh;
			shellScript = "\"${PODS_ROOT}/Target Support Files/Pods-Loan/Pods-Loan-frameworks.sh\"\n";
			showEnvVarsInLog = 0;
		};
/* End PBXShellScriptBuildPhase section */

/* Begin PBXSourcesBuildPhase section */
		CD69507C228AE88000B6FAD4 /* Sources */ = {
			isa = PBXSourcesBuildPhase;
			buildActionMask = 2147483647;
			files = (
				CD694FA122C0F2CD00E00396 /* Usuario.swift in Sources */,
				CDF5B60122C1066400C1E4ED /* CadastroViewController.swift in Sources */,
				CD9FF02122A9589E003BBF00 /* ColecaoViewController.swift in Sources */,
				CDBD75FB228EF3F70008BF2C /* TableViewCell.swift in Sources */,
				CDAA2F1B22925970009B3F3A /* LivroViewController.swift in Sources */,
				CD7D2ABD228EDDFB00CB76E9 /* Model.swift in Sources */,
				CDA03A85228AF9E200FB1DF0 /* AdicionarViewController.swift in Sources */,
				CD7D2ABC228EDDFB00CB76E9 /* Livro.swift in Sources */,
				CDF5B5FF22C0FC3A00C1E4ED /* SignInViewController.swift in Sources */,
				CD5303C822B2957F00BB0FDF /* BarCode+Extensions.swift in Sources */,
				CD695084228AE88000B6FAD4 /* AppDelegate.swift in Sources */,
				CD2603A52298709400D07513 /* dashboardViewController.swift in Sources */,
				CD9F0BF222A9E446003A2C2D /* UltimosCollectionViewCell.swift in Sources */,
				CDA8C79922B3C42A00309E09 /* DAOGoogleBooksAPI.swift in Sources */,
				CD2603A72298759D00D07513 /* UIView+Extensions.swift in Sources */,
				CD9F0BF422A9E5E3003A2C2D /* ColecoesCollectionViewCell.swift in Sources */,
				CDFC463F22B27E2400EBBFEB /* DAOFirebase.swift in Sources */,
				CD53CF0F22A7EAF7002D7611 /* TodosViewController.swift in Sources */,
			);
			runOnlyForDeploymentPostprocessing = 0;
		};
		CD695090228AE88200B6FAD4 /* Sources */ = {
			isa = PBXSourcesBuildPhase;
			buildActionMask = 2147483647;
			files = (
				CD695099228AE88200B6FAD4 /* LoanTests.swift in Sources */,
			);
			runOnlyForDeploymentPostprocessing = 0;
		};
		CD69509B228AE88200B6FAD4 /* Sources */ = {
			isa = PBXSourcesBuildPhase;
			buildActionMask = 2147483647;
			files = (
				CD6950A4228AE88200B6FAD4 /* LoanUITests.swift in Sources */,
			);
			runOnlyForDeploymentPostprocessing = 0;
		};
/* End PBXSourcesBuildPhase section */

/* Begin PBXTargetDependency section */
		CD695096228AE88200B6FAD4 /* PBXTargetDependency */ = {
			isa = PBXTargetDependency;
			target = CD69507F228AE88000B6FAD4 /* Loan */;
			targetProxy = CD695095228AE88200B6FAD4 /* PBXContainerItemProxy */;
		};
		CD6950A1228AE88200B6FAD4 /* PBXTargetDependency */ = {
			isa = PBXTargetDependency;
			target = CD69507F228AE88000B6FAD4 /* Loan */;
			targetProxy = CD6950A0228AE88200B6FAD4 /* PBXContainerItemProxy */;
		};
/* End PBXTargetDependency section */

/* Begin PBXVariantGroup section */
		CD695087228AE88000B6FAD4 /* Main.storyboard */ = {
			isa = PBXVariantGroup;
			children = (
				CD695088228AE88000B6FAD4 /* Base */,
			);
			name = Main.storyboard;
			sourceTree = "<group>";
		};
		CD69508C228AE88200B6FAD4 /* LaunchScreen.storyboard */ = {
			isa = PBXVariantGroup;
			children = (
				CD69508D228AE88200B6FAD4 /* Base */,
			);
			name = LaunchScreen.storyboard;
			sourceTree = "<group>";
		};
/* End PBXVariantGroup section */

/* Begin XCBuildConfiguration section */
		CD6950A6228AE88200B6FAD4 /* Debug */ = {
			isa = XCBuildConfiguration;
			buildSettings = {
				ALWAYS_SEARCH_USER_PATHS = NO;
				CLANG_ANALYZER_LOCALIZABILITY_NONLOCALIZED = YES;
				CLANG_ANALYZER_NONNULL = YES;
				CLANG_ANALYZER_NUMBER_OBJECT_CONVERSION = YES_AGGRESSIVE;
				CLANG_CXX_LANGUAGE_STANDARD = "gnu++14";
				CLANG_CXX_LIBRARY = "libc++";
				CLANG_ENABLE_MODULES = YES;
				CLANG_ENABLE_OBJC_ARC = YES;
				CLANG_ENABLE_OBJC_WEAK = YES;
				CLANG_WARN_BLOCK_CAPTURE_AUTORELEASING = YES;
				CLANG_WARN_BOOL_CONVERSION = YES;
				CLANG_WARN_COMMA = YES;
				CLANG_WARN_CONSTANT_CONVERSION = YES;
				CLANG_WARN_DEPRECATED_OBJC_IMPLEMENTATIONS = YES;
				CLANG_WARN_DIRECT_OBJC_ISA_USAGE = YES_ERROR;
				CLANG_WARN_DOCUMENTATION_COMMENTS = YES;
				CLANG_WARN_EMPTY_BODY = YES;
				CLANG_WARN_ENUM_CONVERSION = YES;
				CLANG_WARN_INFINITE_RECURSION = YES;
				CLANG_WARN_INT_CONVERSION = YES;
				CLANG_WARN_NON_LITERAL_NULL_CONVERSION = YES;
				CLANG_WARN_OBJC_IMPLICIT_RETAIN_SELF = YES;
				CLANG_WARN_OBJC_LITERAL_CONVERSION = YES;
				CLANG_WARN_OBJC_ROOT_CLASS = YES_ERROR;
				CLANG_WARN_RANGE_LOOP_ANALYSIS = YES;
				CLANG_WARN_STRICT_PROTOTYPES = YES;
				CLANG_WARN_SUSPICIOUS_MOVE = YES;
				CLANG_WARN_UNGUARDED_AVAILABILITY = YES_AGGRESSIVE;
				CLANG_WARN_UNREACHABLE_CODE = YES;
				CLANG_WARN__DUPLICATE_METHOD_MATCH = YES;
				CODE_SIGN_IDENTITY = "iPhone Developer";
				COPY_PHASE_STRIP = NO;
				DEBUG_INFORMATION_FORMAT = dwarf;
				ENABLE_STRICT_OBJC_MSGSEND = YES;
				ENABLE_TESTABILITY = YES;
				GCC_C_LANGUAGE_STANDARD = gnu11;
				GCC_DYNAMIC_NO_PIC = NO;
				GCC_NO_COMMON_BLOCKS = YES;
				GCC_OPTIMIZATION_LEVEL = 0;
				GCC_PREPROCESSOR_DEFINITIONS = (
					"DEBUG=1",
					"$(inherited)",
				);
				GCC_WARN_64_TO_32_BIT_CONVERSION = YES;
				GCC_WARN_ABOUT_RETURN_TYPE = YES_ERROR;
				GCC_WARN_UNDECLARED_SELECTOR = YES;
				GCC_WARN_UNINITIALIZED_AUTOS = YES_AGGRESSIVE;
				GCC_WARN_UNUSED_FUNCTION = YES;
				GCC_WARN_UNUSED_VARIABLE = YES;
				IPHONEOS_DEPLOYMENT_TARGET = 12.2;
				MTL_ENABLE_DEBUG_INFO = INCLUDE_SOURCE;
				MTL_FAST_MATH = YES;
				ONLY_ACTIVE_ARCH = YES;
				SDKROOT = iphoneos;
				SWIFT_ACTIVE_COMPILATION_CONDITIONS = DEBUG;
				SWIFT_OPTIMIZATION_LEVEL = "-Onone";
			};
			name = Debug;
		};
		CD6950A7228AE88200B6FAD4 /* Release */ = {
			isa = XCBuildConfiguration;
			buildSettings = {
				ALWAYS_SEARCH_USER_PATHS = NO;
				CLANG_ANALYZER_LOCALIZABILITY_NONLOCALIZED = YES;
				CLANG_ANALYZER_NONNULL = YES;
				CLANG_ANALYZER_NUMBER_OBJECT_CONVERSION = YES_AGGRESSIVE;
				CLANG_CXX_LANGUAGE_STANDARD = "gnu++14";
				CLANG_CXX_LIBRARY = "libc++";
				CLANG_ENABLE_MODULES = YES;
				CLANG_ENABLE_OBJC_ARC = YES;
				CLANG_ENABLE_OBJC_WEAK = YES;
				CLANG_WARN_BLOCK_CAPTURE_AUTORELEASING = YES;
				CLANG_WARN_BOOL_CONVERSION = YES;
				CLANG_WARN_COMMA = YES;
				CLANG_WARN_CONSTANT_CONVERSION = YES;
				CLANG_WARN_DEPRECATED_OBJC_IMPLEMENTATIONS = YES;
				CLANG_WARN_DIRECT_OBJC_ISA_USAGE = YES_ERROR;
				CLANG_WARN_DOCUMENTATION_COMMENTS = YES;
				CLANG_WARN_EMPTY_BODY = YES;
				CLANG_WARN_ENUM_CONVERSION = YES;
				CLANG_WARN_INFINITE_RECURSION = YES;
				CLANG_WARN_INT_CONVERSION = YES;
				CLANG_WARN_NON_LITERAL_NULL_CONVERSION = YES;
				CLANG_WARN_OBJC_IMPLICIT_RETAIN_SELF = YES;
				CLANG_WARN_OBJC_LITERAL_CONVERSION = YES;
				CLANG_WARN_OBJC_ROOT_CLASS = YES_ERROR;
				CLANG_WARN_RANGE_LOOP_ANALYSIS = YES;
				CLANG_WARN_STRICT_PROTOTYPES = YES;
				CLANG_WARN_SUSPICIOUS_MOVE = YES;
				CLANG_WARN_UNGUARDED_AVAILABILITY = YES_AGGRESSIVE;
				CLANG_WARN_UNREACHABLE_CODE = YES;
				CLANG_WARN__DUPLICATE_METHOD_MATCH = YES;
				CODE_SIGN_IDENTITY = "iPhone Developer";
				COPY_PHASE_STRIP = NO;
				DEBUG_INFORMATION_FORMAT = "dwarf-with-dsym";
				ENABLE_NS_ASSERTIONS = NO;
				ENABLE_STRICT_OBJC_MSGSEND = YES;
				GCC_C_LANGUAGE_STANDARD = gnu11;
				GCC_NO_COMMON_BLOCKS = YES;
				GCC_WARN_64_TO_32_BIT_CONVERSION = YES;
				GCC_WARN_ABOUT_RETURN_TYPE = YES_ERROR;
				GCC_WARN_UNDECLARED_SELECTOR = YES;
				GCC_WARN_UNINITIALIZED_AUTOS = YES_AGGRESSIVE;
				GCC_WARN_UNUSED_FUNCTION = YES;
				GCC_WARN_UNUSED_VARIABLE = YES;
				IPHONEOS_DEPLOYMENT_TARGET = 12.2;
				MTL_ENABLE_DEBUG_INFO = NO;
				MTL_FAST_MATH = YES;
				SDKROOT = iphoneos;
				SWIFT_COMPILATION_MODE = wholemodule;
				SWIFT_OPTIMIZATION_LEVEL = "-O";
				VALIDATE_PRODUCT = YES;
			};
			name = Release;
		};
		CD6950A9228AE88200B6FAD4 /* Debug */ = {
			isa = XCBuildConfiguration;
			baseConfigurationReference = DFB31BDF69D564B276D76EB8 /* Pods-Loan.debug.xcconfig */;
			buildSettings = {
				ASSETCATALOG_COMPILER_APPICON_NAME = AppIcon;
				CODE_SIGN_STYLE = Automatic;
				DEVELOPMENT_TEAM = ADP5XER6GT;
				INFOPLIST_FILE = "$(SRCROOT)/Loan/Info.plist";
				LD_RUNPATH_SEARCH_PATHS = (
					"$(inherited)",
					"@executable_path/Frameworks",
				);
				PRODUCT_BUNDLE_IDENTIFIER = com.mariabad.LoanBook;
				PRODUCT_NAME = "$(TARGET_NAME)";
				SWIFT_VERSION = 5.0;
				TARGETED_DEVICE_FAMILY = "1,2";
			};
			name = Debug;
		};
		CD6950AA228AE88200B6FAD4 /* Release */ = {
			isa = XCBuildConfiguration;
			baseConfigurationReference = 82943EB8D5C07D9A5F7061A7 /* Pods-Loan.release.xcconfig */;
			buildSettings = {
				ASSETCATALOG_COMPILER_APPICON_NAME = AppIcon;
				CODE_SIGN_STYLE = Automatic;
				DEVELOPMENT_TEAM = ADP5XER6GT;
				INFOPLIST_FILE = "$(SRCROOT)/Loan/Info.plist";
				LD_RUNPATH_SEARCH_PATHS = (
					"$(inherited)",
					"@executable_path/Frameworks",
				);
				PRODUCT_BUNDLE_IDENTIFIER = com.mariabad.LoanBook;
				PRODUCT_NAME = "$(TARGET_NAME)";
				SWIFT_VERSION = 5.0;
				TARGETED_DEVICE_FAMILY = "1,2";
			};
			name = Release;
		};
		CD6950AC228AE88200B6FAD4 /* Debug */ = {
			isa = XCBuildConfiguration;
			baseConfigurationReference = E37A73E9E247DE317139396E /* Pods-LoanTests.debug.xcconfig */;
			buildSettings = {
				ALWAYS_EMBED_SWIFT_STANDARD_LIBRARIES = YES;
				BUNDLE_LOADER = "$(TEST_HOST)";
				CODE_SIGN_STYLE = Automatic;
				DEVELOPMENT_TEAM = ADP5XER6GT;
				INFOPLIST_FILE = LoanTests/Info.plist;
				LD_RUNPATH_SEARCH_PATHS = (
					"$(inherited)",
					"@executable_path/Frameworks",
					"@loader_path/Frameworks",
				);
				PRODUCT_BUNDLE_IDENTIFIER = com.mariabad.LoanTests;
				PRODUCT_NAME = "$(TARGET_NAME)";
				SWIFT_VERSION = 5.0;
				TARGETED_DEVICE_FAMILY = "1,2";
				TEST_HOST = "$(BUILT_PRODUCTS_DIR)/Loan.app/Loan";
			};
			name = Debug;
		};
		CD6950AD228AE88200B6FAD4 /* Release */ = {
			isa = XCBuildConfiguration;
			baseConfigurationReference = 4254F3FB4D7375BB11E7B76F /* Pods-LoanTests.release.xcconfig */;
			buildSettings = {
				ALWAYS_EMBED_SWIFT_STANDARD_LIBRARIES = YES;
				BUNDLE_LOADER = "$(TEST_HOST)";
				CODE_SIGN_STYLE = Automatic;
				DEVELOPMENT_TEAM = ADP5XER6GT;
				INFOPLIST_FILE = LoanTests/Info.plist;
				LD_RUNPATH_SEARCH_PATHS = (
					"$(inherited)",
					"@executable_path/Frameworks",
					"@loader_path/Frameworks",
				);
				PRODUCT_BUNDLE_IDENTIFIER = com.mariabad.LoanTests;
				PRODUCT_NAME = "$(TARGET_NAME)";
				SWIFT_VERSION = 5.0;
				TARGETED_DEVICE_FAMILY = "1,2";
				TEST_HOST = "$(BUILT_PRODUCTS_DIR)/Loan.app/Loan";
			};
			name = Release;
		};
		CD6950AF228AE88200B6FAD4 /* Debug */ = {
			isa = XCBuildConfiguration;
			baseConfigurationReference = 7349C72704AE831A964A5875 /* Pods-LoanUITests.debug.xcconfig */;
			buildSettings = {
				ALWAYS_EMBED_SWIFT_STANDARD_LIBRARIES = YES;
				CODE_SIGN_STYLE = Automatic;
				DEVELOPMENT_TEAM = ADP5XER6GT;
				INFOPLIST_FILE = LoanUITests/Info.plist;
				LD_RUNPATH_SEARCH_PATHS = (
					"$(inherited)",
					"@executable_path/Frameworks",
					"@loader_path/Frameworks",
				);
				PRODUCT_BUNDLE_IDENTIFIER = com.mariabad.LoanUITests;
				PRODUCT_NAME = "$(TARGET_NAME)";
				SWIFT_VERSION = 5.0;
				TARGETED_DEVICE_FAMILY = "1,2";
				TEST_TARGET_NAME = Loan;
			};
			name = Debug;
		};
		CD6950B0228AE88200B6FAD4 /* Release */ = {
			isa = XCBuildConfiguration;
			baseConfigurationReference = 7058B3293D4B62D2FAF7FCF3 /* Pods-LoanUITests.release.xcconfig */;
			buildSettings = {
				ALWAYS_EMBED_SWIFT_STANDARD_LIBRARIES = YES;
				CODE_SIGN_STYLE = Automatic;
				DEVELOPMENT_TEAM = ADP5XER6GT;
				INFOPLIST_FILE = LoanUITests/Info.plist;
				LD_RUNPATH_SEARCH_PATHS = (
					"$(inherited)",
					"@executable_path/Frameworks",
					"@loader_path/Frameworks",
				);
				PRODUCT_BUNDLE_IDENTIFIER = com.mariabad.LoanUITests;
				PRODUCT_NAME = "$(TARGET_NAME)";
				SWIFT_VERSION = 5.0;
				TARGETED_DEVICE_FAMILY = "1,2";
				TEST_TARGET_NAME = Loan;
			};
			name = Release;
		};
/* End XCBuildConfiguration section */

/* Begin XCConfigurationList section */
		CD69507B228AE88000B6FAD4 /* Build configuration list for PBXProject "Loan" */ = {
			isa = XCConfigurationList;
			buildConfigurations = (
				CD6950A6228AE88200B6FAD4 /* Debug */,
				CD6950A7228AE88200B6FAD4 /* Release */,
			);
			defaultConfigurationIsVisible = 0;
			defaultConfigurationName = Release;
		};
		CD6950A8228AE88200B6FAD4 /* Build configuration list for PBXNativeTarget "Loan" */ = {
			isa = XCConfigurationList;
			buildConfigurations = (
				CD6950A9228AE88200B6FAD4 /* Debug */,
				CD6950AA228AE88200B6FAD4 /* Release */,
			);
			defaultConfigurationIsVisible = 0;
			defaultConfigurationName = Release;
		};
		CD6950AB228AE88200B6FAD4 /* Build configuration list for PBXNativeTarget "LoanTests" */ = {
			isa = XCConfigurationList;
			buildConfigurations = (
				CD6950AC228AE88200B6FAD4 /* Debug */,
				CD6950AD228AE88200B6FAD4 /* Release */,
			);
			defaultConfigurationIsVisible = 0;
			defaultConfigurationName = Release;
		};
		CD6950AE228AE88200B6FAD4 /* Build configuration list for PBXNativeTarget "LoanUITests" */ = {
			isa = XCConfigurationList;
			buildConfigurations = (
				CD6950AF228AE88200B6FAD4 /* Debug */,
				CD6950B0228AE88200B6FAD4 /* Release */,
			);
			defaultConfigurationIsVisible = 0;
			defaultConfigurationName = Release;
		};
/* End XCConfigurationList section */
	};
	rootObject = CD695078228AE88000B6FAD4 /* Project object */;
}
